
Microsoft Visual Studio Solution File, Format Version 12.00
# Visual Studio Version 17
VisualStudioVersion = 17.2.32516.85
MinimumVisualStudioVersion = 10.0.40219.1
Project("{FAE04EC0-301F-11D3-BF4B-00C04F79EFBC}") = "OptimizedLinkedList", "OptimizedLinkedList\OptimizedLinkedList.csproj", "{0FC4B61A-1A33-4DC4-B8A3-5A2D69771601}"
EndProject
Project("{FAE04EC0-301F-11D3-BF4B-00C04F79EFBC}") = "OptimizedLinkedList.Tests", "OptimizedLinkedList.Tests\OptimizedLinkedList.Tests.csproj", "{EA8BAC82-6C0F-45BD-9226-781237AFAF78}"
EndProject
Global
	GlobalSection(SolutionConfigurationPlatforms) = preSolution
		Debug|Any CPU = Debug|Any CPU
		Release|Any CPU = Release|Any CPU
	EndGlobalSection
	GlobalSection(ProjectConfigurationPlatforms) = postSolution
		{0FC4B61A-1A33-4DC4-B8A3-5A2D69771601}.Debug|Any CPU.ActiveCfg = Debug|Any CPU
		{0FC4B61A-1A33-4DC4-B8A3-5A2D69771601}.Debug|Any CPU.Build.0 = Debug|Any CPU
		{0FC4B61A-1A33-4DC4-B8A3-5A2D69771601}.Release|Any CPU.ActiveCfg = Release|Any CPU
		{0FC4B61A-1A33-4DC4-B8A3-5A2D69771601}.Release|Any CPU.Build.0 = Release|Any CPU
		{EA8BAC82-6C0F-45BD-9226-781237AFAF78}.Debug|Any CPU.ActiveCfg = Debug|Any CPU
		{EA8BAC82-6C0F-45BD-9226-781237AFAF78}.Debug|Any CPU.Build.0 = Debug|Any CPU
		{EA8BAC82-6C0F-45BD-9226-781237AFAF78}.Release|Any CPU.ActiveCfg = Release|Any CPU
		{EA8BAC82-6C0F-45BD-9226-781237AFAF78}.Release|Any CPU.Build.0 = Release|Any CPU
	EndGlobalSection
	GlobalSection(SolutionProperties) = preSolution
		HideSolutionNode = FALSE
	EndGlobalSection
	GlobalSection(ExtensibilityGlobals) = postSolution
		SolutionGuid = {9BE5688F-2267-4C39-A27D-0C2456431012}
	EndGlobalSection
EndGlobal
